
Microsoft Visual Studio Solution File, Format Version 12.00
Project("{FAE04EC0-301F-11D3-BF4B-00C04F79EFBC}") = "Elastic.Markdown", "src\Elastic.Markdown\Elastic.Markdown.csproj", "{4D198E25-C211-41DC-9E84-B15E89BD7048}"
EndProject
Project("{FAE04EC0-301F-11D3-BF4B-00C04F79EFBC}") = "docs", "docs\docs.csproj", "{13387C19-03EC-41AC-A0FC-B5A7E3761DA6}"
EndProject
Project("{2150E333-8FDC-42A3-9474-1A3956D46DE8}") = "root", "root", "{94AC66E5-38C3-4625-92D3-08990FD5F429}"
	ProjectSection(SolutionItems) = preProject
		Directory.Build.props = Directory.Build.props
		README.md = README.md
		build.bat = build.bat
		build.sh = build.sh
		dotnet-tools.json = dotnet-tools.json
		global.json = global.json
	EndProjectSection
EndProject
Project("{2150E333-8FDC-42A3-9474-1A3956D46DE8}") = "src", "src", "{BE6011CC-1200-4957-B01F-FCCA10C5CF5A}"
	ProjectSection(SolutionItems) = preProject
		src\Directory.Build.props = src\Directory.Build.props
	EndProjectSection
EndProject
Project("{FAE04EC0-301F-11D3-BF4B-00C04F79EFBC}") = "docs-builder", "src\docs-builder\docs-builder.csproj", "{01F05AD0-E0E0-401F-A7EC-905928E1E9F0}"
EndProject
Project("{FAE04EC0-301F-11D3-BF4B-00C04F79EFBC}") = ".github", ".github\.github.csproj", "{1A8659C1-222A-4824-B562-ED8F88658C05}"
EndProject
Project("{2150E333-8FDC-42A3-9474-1A3956D46DE8}") = "tests", "tests", "{67B576EE-02FA-4F9B-94BC-3630BC09ECE5}"
EndProject
Project("{FAE04EC0-301F-11D3-BF4B-00C04F79EFBC}") = "Elastic.Markdown.Tests", "tests\Elastic.Markdown.Tests\Elastic.Markdown.Tests.csproj", "{B27C5107-128B-465A-B8F8-8985399E4CFB}"
EndProject
Project("{2150E333-8FDC-42A3-9474-1A3956D46DE8}") = "actions", "actions", "{245023D2-D3CA-47B9-831D-DAB91A2FFDC7}"
EndProject
Project("{2150E333-8FDC-42A3-9474-1A3956D46DE8}") = "publish", "publish", "{CD2887E3-BDA9-434B-A5BF-9ED38DE20332}"
	ProjectSection(SolutionItems) = preProject
		actions\publish\action.yml = actions\publish\action.yml
		actions\publish\github-pages.png = actions\publish\github-pages.png
	EndProjectSection
EndProject
Project("{2150E333-8FDC-42A3-9474-1A3956D46DE8}") = "publish-vercel", "publish-vercel", "{A2A34BBC-CB5E-4100-9529-A12B6ECB769C}"
	ProjectSection(SolutionItems) = preProject
		actions\publish-vercel\action.yml = actions\publish-vercel\action.yml
	EndProjectSection
EndProject
Project("{F2A71F9B-5D33-465A-A702-920D77279786}") = "build", "build\build.fsproj", "{10857974-6CF1-42B5-B793-AAA988BD7348}"
EndProject
Project("{FAE04EC0-301F-11D3-BF4B-00C04F79EFBC}") = "docs-assembler", "src\docs-assembler\docs-assembler.csproj", "{28350800-B44B-479B-86E2-1D39E321C0B4}"
EndProject
Project("{F2A71F9B-5D33-465A-A702-920D77279786}") = "authoring", "tests\authoring\authoring.fsproj", "{018F959E-824B-4664-B345-066784478D24}"
EndProject
Project("{FAE04EC0-301F-11D3-BF4B-00C04F79EFBC}") = "Elastic.Markdown.Refactor", "src\Elastic.Markdown.Refactor\Elastic.Markdown.Refactor.csproj", "{7D36DDDA-9E0B-4D2C-8033-5D62FF8B6166}"
EndProject
Project("{2150E333-8FDC-42A3-9474-1A3956D46DE8}") = "assembler", "assembler", "{CFEE9FAD-9E0C-4C0E-A0C2-B97D594C14B5}"
	ProjectSection(SolutionItems) = preProject
		actions\assembler\action.yml = actions\assembler\action.yml
	EndProjectSection
EndProject
Project("{FAE04EC0-301F-11D3-BF4B-00C04F79EFBC}") = "Elastic.Documentation.Tooling", "Elastic.Documentation.Tooling\Elastic.Documentation.Tooling.csproj", "{4CCE599A-B9FE-4DF2-8763-34CF0A99D4AA}"
EndProject
Project("{2150E333-8FDC-42A3-9474-1A3956D46DE8}") = "validate-inbound-local", "validate-inbound-local", "{6E2ED6CC-AFC1-4E58-965D-6AEC500EBB46}"
	ProjectSection(SolutionItems) = preProject
		actions\validate-inbound-local\action.yml = actions\validate-inbound-local\action.yml
	EndProjectSection
EndProject
Global
	GlobalSection(SolutionConfigurationPlatforms) = preSolution
		Debug|Any CPU = Debug|Any CPU
		Release|Any CPU = Release|Any CPU
	EndGlobalSection
	GlobalSection(ProjectConfigurationPlatforms) = postSolution
		{4D198E25-C211-41DC-9E84-B15E89BD7048}.Debug|Any CPU.ActiveCfg = Debug|Any CPU
		{4D198E25-C211-41DC-9E84-B15E89BD7048}.Debug|Any CPU.Build.0 = Debug|Any CPU
		{4D198E25-C211-41DC-9E84-B15E89BD7048}.Release|Any CPU.ActiveCfg = Release|Any CPU
		{4D198E25-C211-41DC-9E84-B15E89BD7048}.Release|Any CPU.Build.0 = Release|Any CPU
		{13387C19-03EC-41AC-A0FC-B5A7E3761DA6}.Debug|Any CPU.ActiveCfg = Debug|Any CPU
		{13387C19-03EC-41AC-A0FC-B5A7E3761DA6}.Debug|Any CPU.Build.0 = Debug|Any CPU
		{13387C19-03EC-41AC-A0FC-B5A7E3761DA6}.Release|Any CPU.ActiveCfg = Release|Any CPU
		{13387C19-03EC-41AC-A0FC-B5A7E3761DA6}.Release|Any CPU.Build.0 = Release|Any CPU
		{01F05AD0-E0E0-401F-A7EC-905928E1E9F0}.Debug|Any CPU.ActiveCfg = Debug|Any CPU
		{01F05AD0-E0E0-401F-A7EC-905928E1E9F0}.Debug|Any CPU.Build.0 = Debug|Any CPU
		{01F05AD0-E0E0-401F-A7EC-905928E1E9F0}.Release|Any CPU.ActiveCfg = Release|Any CPU
		{01F05AD0-E0E0-401F-A7EC-905928E1E9F0}.Release|Any CPU.Build.0 = Release|Any CPU
		{1A8659C1-222A-4824-B562-ED8F88658C05}.Debug|Any CPU.ActiveCfg = Debug|Any CPU
		{1A8659C1-222A-4824-B562-ED8F88658C05}.Debug|Any CPU.Build.0 = Debug|Any CPU
		{1A8659C1-222A-4824-B562-ED8F88658C05}.Release|Any CPU.ActiveCfg = Release|Any CPU
		{1A8659C1-222A-4824-B562-ED8F88658C05}.Release|Any CPU.Build.0 = Release|Any CPU
		{B27C5107-128B-465A-B8F8-8985399E4CFB}.Debug|Any CPU.ActiveCfg = Debug|Any CPU
		{B27C5107-128B-465A-B8F8-8985399E4CFB}.Debug|Any CPU.Build.0 = Debug|Any CPU
		{B27C5107-128B-465A-B8F8-8985399E4CFB}.Release|Any CPU.ActiveCfg = Release|Any CPU
		{B27C5107-128B-465A-B8F8-8985399E4CFB}.Release|Any CPU.Build.0 = Release|Any CPU
		{10857974-6CF1-42B5-B793-AAA988BD7348}.Debug|Any CPU.ActiveCfg = Debug|Any CPU
		{10857974-6CF1-42B5-B793-AAA988BD7348}.Debug|Any CPU.Build.0 = Debug|Any CPU
		{10857974-6CF1-42B5-B793-AAA988BD7348}.Release|Any CPU.ActiveCfg = Release|Any CPU
		{10857974-6CF1-42B5-B793-AAA988BD7348}.Release|Any CPU.Build.0 = Release|Any CPU
		{28350800-B44B-479B-86E2-1D39E321C0B4}.Debug|Any CPU.ActiveCfg = Debug|Any CPU
		{28350800-B44B-479B-86E2-1D39E321C0B4}.Debug|Any CPU.Build.0 = Debug|Any CPU
		{28350800-B44B-479B-86E2-1D39E321C0B4}.Release|Any CPU.ActiveCfg = Release|Any CPU
		{28350800-B44B-479B-86E2-1D39E321C0B4}.Release|Any CPU.Build.0 = Release|Any CPU
		{018F959E-824B-4664-B345-066784478D24}.Debug|Any CPU.ActiveCfg = Debug|Any CPU
		{018F959E-824B-4664-B345-066784478D24}.Debug|Any CPU.Build.0 = Debug|Any CPU
		{018F959E-824B-4664-B345-066784478D24}.Release|Any CPU.ActiveCfg = Release|Any CPU
		{018F959E-824B-4664-B345-066784478D24}.Release|Any CPU.Build.0 = Release|Any CPU
		{7D36DDDA-9E0B-4D2C-8033-5D62FF8B6166}.Debug|Any CPU.ActiveCfg = Debug|Any CPU
		{7D36DDDA-9E0B-4D2C-8033-5D62FF8B6166}.Debug|Any CPU.Build.0 = Debug|Any CPU
		{7D36DDDA-9E0B-4D2C-8033-5D62FF8B6166}.Release|Any CPU.ActiveCfg = Release|Any CPU
		{7D36DDDA-9E0B-4D2C-8033-5D62FF8B6166}.Release|Any CPU.Build.0 = Release|Any CPU
		{4CCE599A-B9FE-4DF2-8763-34CF0A99D4AA}.Debug|Any CPU.ActiveCfg = Debug|Any CPU
		{4CCE599A-B9FE-4DF2-8763-34CF0A99D4AA}.Debug|Any CPU.Build.0 = Debug|Any CPU
		{4CCE599A-B9FE-4DF2-8763-34CF0A99D4AA}.Release|Any CPU.ActiveCfg = Release|Any CPU
		{4CCE599A-B9FE-4DF2-8763-34CF0A99D4AA}.Release|Any CPU.Build.0 = Release|Any CPU
	EndGlobalSection
	GlobalSection(NestedProjects) = preSolution
		{4D198E25-C211-41DC-9E84-B15E89BD7048} = {BE6011CC-1200-4957-B01F-FCCA10C5CF5A}
		{01F05AD0-E0E0-401F-A7EC-905928E1E9F0} = {BE6011CC-1200-4957-B01F-FCCA10C5CF5A}
		{B27C5107-128B-465A-B8F8-8985399E4CFB} = {67B576EE-02FA-4F9B-94BC-3630BC09ECE5}
		{CD2887E3-BDA9-434B-A5BF-9ED38DE20332} = {245023D2-D3CA-47B9-831D-DAB91A2FFDC7}
		{A2A34BBC-CB5E-4100-9529-A12B6ECB769C} = {245023D2-D3CA-47B9-831D-DAB91A2FFDC7}
		{28350800-B44B-479B-86E2-1D39E321C0B4} = {BE6011CC-1200-4957-B01F-FCCA10C5CF5A}
		{018F959E-824B-4664-B345-066784478D24} = {67B576EE-02FA-4F9B-94BC-3630BC09ECE5}
		{7D36DDDA-9E0B-4D2C-8033-5D62FF8B6166} = {BE6011CC-1200-4957-B01F-FCCA10C5CF5A}
		{CFEE9FAD-9E0C-4C0E-A0C2-B97D594C14B5} = {245023D2-D3CA-47B9-831D-DAB91A2FFDC7}
		{4CCE599A-B9FE-4DF2-8763-34CF0A99D4AA} = {BE6011CC-1200-4957-B01F-FCCA10C5CF5A}
		{6E2ED6CC-AFC1-4E58-965D-6AEC500EBB46} = {245023D2-D3CA-47B9-831D-DAB91A2FFDC7}
	EndGlobalSection
EndGlobal
